
Microsoft Visual Studio Solution File, Format Version 12.00
# Visual Studio Version 16
VisualStudioVersion = 16.0.31624.102
MinimumVisualStudioVersion = 10.0.40219.1
Project("{FAE04EC0-301F-11D3-BF4B-00C04F79EFBC}") = "RazorPagesMovie", "RazorPagesMovie.csproj", "{4E15830D-356F-4C31-80A6-01A94444904A}"
EndProject
Global
	GlobalSection(SolutionConfigurationPlatforms) = preSolution
		Debug|Any CPU = Debug|Any CPU
		Release|Any CPU = Release|Any CPU
	EndGlobalSection
	GlobalSection(ProjectConfigurationPlatforms) = postSolution
		{4E15830D-356F-4C31-80A6-01A94444904A}.Debug|Any CPU.ActiveCfg = Debug|Any CPU
		{4E15830D-356F-4C31-80A6-01A94444904A}.Debug|Any CPU.Build.0 = Debug|Any CPU
		{4E15830D-356F-4C31-80A6-01A94444904A}.Release|Any CPU.ActiveCfg = Release|Any CPU
		{4E15830D-356F-4C31-80A6-01A94444904A}.Release|Any CPU.Build.0 = Release|Any CPU
	EndGlobalSection
	GlobalSection(SolutionProperties) = preSolution
		HideSolutionNode = FALSE
	EndGlobalSection
	GlobalSection(ExtensibilityGlobals) = postSolution
		SolutionGuid = {D1357A70-2A01-43EA-9C4C-6717F03F1B3F}
	EndGlobalSection
EndGlobal
